
Microsoft Visual Studio Solution File, Format Version 12.00
# Visual Studio 14
VisualStudioVersion = 14.0.24720.0
MinimumVisualStudioVersion = 10.0.40219.1
Project("{2150E333-8FDC-42A3-9474-1A3956D46DE8}") = ".paket", ".paket", "{FC7B24AC-479A-4D04-BE56-ACFC96ED04FD}"
	ProjectSection(SolutionItems) = preProject
		paket.dependencies = paket.dependencies
	EndProjectSection
EndProject
Project("{F2A71F9B-5D33-465A-A702-920D77279786}") = "Fuchu.Xunit", "Fuchu.Xunit\Fuchu.Xunit.fsproj", "{CCDF1CAC-D53A-4A7A-887D-8D3F1353D773}"
EndProject
Project("{F2A71F9B-5D33-465A-A702-920D77279786}") = "Fuchu.Xunit.Tests", "Fuchu.Xunit.Tests\Fuchu.Xunit.Tests.fsproj", "{6C52949F-24D9-4E16-803F-CAA898C23639}"
EndProject
Project("{2150E333-8FDC-42A3-9474-1A3956D46DE8}") = "Build", "Build", "{D778BD4D-A821-4D51-B76F-DC6E7613EA0E}"
	ProjectSection(SolutionItems) = preProject
		build.fsx = build.fsx
		build.ps1 = build.ps1
	EndProjectSection
EndProject
Global
	GlobalSection(SolutionConfigurationPlatforms) = preSolution
		Debug|Any CPU = Debug|Any CPU
		Release|Any CPU = Release|Any CPU
	EndGlobalSection
	GlobalSection(ProjectConfigurationPlatforms) = postSolution
		{CCDF1CAC-D53A-4A7A-887D-8D3F1353D773}.Debug|Any CPU.ActiveCfg = Debug|Any CPU
		{CCDF1CAC-D53A-4A7A-887D-8D3F1353D773}.Debug|Any CPU.Build.0 = Debug|Any CPU
		{CCDF1CAC-D53A-4A7A-887D-8D3F1353D773}.Release|Any CPU.ActiveCfg = Release|Any CPU
		{CCDF1CAC-D53A-4A7A-887D-8D3F1353D773}.Release|Any CPU.Build.0 = Release|Any CPU
		{6C52949F-24D9-4E16-803F-CAA898C23639}.Debug|Any CPU.ActiveCfg = Debug|Any CPU
		{6C52949F-24D9-4E16-803F-CAA898C23639}.Debug|Any CPU.Build.0 = Debug|Any CPU
		{6C52949F-24D9-4E16-803F-CAA898C23639}.Release|Any CPU.ActiveCfg = Release|Any CPU
		{6C52949F-24D9-4E16-803F-CAA898C23639}.Release|Any CPU.Build.0 = Release|Any CPU
	EndGlobalSection
	GlobalSection(SolutionProperties) = preSolution
		HideSolutionNode = FALSE
	EndGlobalSection
EndGlobal
